# This file was autogenerated by Stack.
# You should not edit this file by hand.
# For more information, please see the documentation at:
#   https://docs.haskellstack.org/en/stable/lock_files

packages: []
snapshots:
- completed:
    size: 477141
    url: https://raw.githubusercontent.com/commercialhaskell/stackage-snapshots/master/nightly/2020/2/11.yaml
    sha256: 554e990119e27bcacb31a3047bffd4c71e850d41e17c52ff25a33e9e45475498
  original: nightly-2020-02-11
