# This file was autogenerated by Stack.
# You should not edit this file by hand.
# For more information, please see the documentation at:
#   https://docs.haskellstack.org/en/stable/lock_files

packages: []
snapshots:
- completed:
    size: 458669
    url: https://raw.githubusercontent.com/commercialhaskell/stackage-snapshots/master/nightly/2020/1/21.yaml
    sha256: 3162cd7b6d9a0f8f033a1a2eebb5e5c7f353514a790938cb71690cf8c0a87a28
  original: nightly-2020-01-21
